// !$*UTF8*$!
{
	archiveVersion = 1;
	classes = {
	};
	objectVersion = 56;
	objects = {

/* Begin PBXBuildFile section */
		4A2135202AFEC0B500FE68CE /* AppDelegate.swift in Sources */ = {isa = PBXBuildFile; fileRef = 4A21351F2AFEC0B500FE68CE /* AppDelegate.swift */; };
		4A2135222AFEC0B500FE68CE /* SceneDelegate.swift in Sources */ = {isa = PBXBuildFile; fileRef = 4A2135212AFEC0B500FE68CE /* SceneDelegate.swift */; };
		4A2135242AFEC0B500FE68CE /* ViewController.swift in Sources */ = {isa = PBXBuildFile; fileRef = 4A2135232AFEC0B500FE68CE /* ViewController.swift */; };
		4A2135272AFEC0B500FE68CE /* Main.storyboard in Resources */ = {isa = PBXBuildFile; fileRef = 4A2135252AFEC0B500FE68CE /* Main.storyboard */; };
		4A2135292AFEC0B700FE68CE /* Assets.xcassets in Resources */ = {isa = PBXBuildFile; fileRef = 4A2135282AFEC0B700FE68CE /* Assets.xcassets */; };
		4A21352C2AFEC0B700FE68CE /* LaunchScreen.storyboard in Resources */ = {isa = PBXBuildFile; fileRef = 4A21352A2AFEC0B700FE68CE /* LaunchScreen.storyboard */; };
		4A2135372AFEC0B700FE68CE /* lab7Tests.swift in Sources */ = {isa = PBXBuildFile; fileRef = 4A2135362AFEC0B700FE68CE /* lab7Tests.swift */; };
		4A2135412AFEC0B700FE68CE /* lab7UITests.swift in Sources */ = {isa = PBXBuildFile; fileRef = 4A2135402AFEC0B700FE68CE /* lab7UITests.swift */; };
		4A2135432AFEC0B700FE68CE /* lab7UITestsLaunchTests.swift in Sources */ = {isa = PBXBuildFile; fileRef = 4A2135422AFEC0B700FE68CE /* lab7UITestsLaunchTests.swift */; };
/* End PBXBuildFile section */

/* Begin PBXContainerItemProxy section */
		4A2135332AFEC0B700FE68CE /* PBXContainerItemProxy */ = {
			isa = PBXContainerItemProxy;
			containerPortal = 4A2135142AFEC0B500FE68CE /* Project object */;
			proxyType = 1;
			remoteGlobalIDString = 4A21351B2AFEC0B500FE68CE;
			remoteInfo = lab7;
		};
		4A21353D2AFEC0B700FE68CE /* PBXContainerItemProxy */ = {
			isa = PBXContainerItemProxy;
			containerPortal = 4A2135142AFEC0B500FE68CE /* Project object */;
			proxyType = 1;
			remoteGlobalIDString = 4A21351B2AFEC0B500FE68CE;
			remoteInfo = lab7;
		};
/* End PBXContainerItemProxy section */

/* Begin PBXFileReference section */
		4A21351C2AFEC0B500FE68CE /* lab7.app */ = {isa = PBXFileReference; explicitFileType = wrapper.application; includeInIndex = 0; path = lab7.app; sourceTree = BUILT_PRODUCTS_DIR; };
		4A21351F2AFEC0B500FE68CE /* AppDelegate.swift */ = {isa = PBXFileReference; lastKnownFileType = sourcecode.swift; path = AppDelegate.swift; sourceTree = "<group>"; };
		4A2135212AFEC0B500FE68CE /* SceneDelegate.swift */ = {isa = PBXFileReference; lastKnownFileType = sourcecode.swift; path = SceneDelegate.swift; sourceTree = "<group>"; };
		4A2135232AFEC0B500FE68CE /* ViewController.swift */ = {isa = PBXFileReference; lastKnownFileType = sourcecode.swift; path = ViewController.swift; sourceTree = "<group>"; };
		4A2135262AFEC0B500FE68CE /* Base */ = {isa = PBXFileReference; lastKnownFileType = file.storyboard; name = Base; path = Base.lproj/Main.storyboard; sourceTree = "<group>"; };
		4A2135282AFEC0B700FE68CE /* Assets.xcassets */ = {isa = PBXFileReference; lastKnownFileType = folder.assetcatalog; path = Assets.xcassets; sourceTree = "<group>"; };
		4A21352B2AFEC0B700FE68CE /* Base */ = {isa = PBXFileReference; lastKnownFileType = file.storyboard; name = Base; path = Base.lproj/LaunchScreen.storyboard; sourceTree = "<group>"; };
		4A21352D2AFEC0B700FE68CE /* Info.plist */ = {isa = PBXFileReference; lastKnownFileType = text.plist.xml; path = Info.plist; sourceTree = "<group>"; };
		4A2135322AFEC0B700FE68CE /* lab7Tests.xctest */ = {isa = PBXFileReference; explicitFileType = wrapper.cfbundle; includeInIndex = 0; path = lab7Tests.xctest; sourceTree = BUILT_PRODUCTS_DIR; };
		4A2135362AFEC0B700FE68CE /* lab7Tests.swift */ = {isa = PBXFileReference; lastKnownFileType = sourcecode.swift; path = lab7Tests.swift; sourceTree = "<group>"; };
		4A21353C2AFEC0B700FE68CE /* lab7UITests.xctest */ = {isa = PBXFileReference; explicitFileType = wrapper.cfbundle; includeInIndex = 0; path = lab7UITests.xctest; sourceTree = BUILT_PRODUCTS_DIR; };
		4A2135402AFEC0B700FE68CE /* lab7UITests.swift */ = {isa = PBXFileReference; lastKnownFileType = sourcecode.swift; path = lab7UITests.swift; sourceTree = "<group>"; };
		4A2135422AFEC0B700FE68CE /* lab7UITestsLaunchTests.swift */ = {isa = PBXFileReference; lastKnownFileType = sourcecode.swift; path = lab7UITestsLaunchTests.swift; sourceTree = "<group>"; };
/* End PBXFileReference section */

/* Begin PBXFrameworksBuildPhase section */
		4A2135192AFEC0B500FE68CE /* Frameworks */ = {
			isa = PBXFrameworksBuildPhase;
			buildActionMask = 2147483647;
			files = (
			);
			runOnlyForDeploymentPostprocessing = 0;
		};
		4A21352F2AFEC0B700FE68CE /* Frameworks */ = {
			isa = PBXFrameworksBuildPhase;
			buildActionMask = 2147483647;
			files = (
			);
			runOnlyForDeploymentPostprocessing = 0;
		};
		4A2135392AFEC0B700FE68CE /* Frameworks */ = {
			isa = PBXFrameworksBuildPhase;
			buildActionMask = 2147483647;
			files = (
			);
			runOnlyForDeploymentPostprocessing = 0;
		};
/* End PBXFrameworksBuildPhase section */

/* Begin PBXGroup section */
		4A2135132AFEC0B500FE68CE = {
			isa = PBXGroup;
			children = (
				4A21351E2AFEC0B500FE68CE /* lab7 */,
				4A2135352AFEC0B700FE68CE /* lab7Tests */,
				4A21353F2AFEC0B700FE68CE /* lab7UITests */,
				4A21351D2AFEC0B500FE68CE /* Products */,
			);
			sourceTree = "<group>";
		};
		4A21351D2AFEC0B500FE68CE /* Products */ = {
			isa = PBXGroup;
			children = (
				4A21351C2AFEC0B500FE68CE /* lab7.app */,
				4A2135322AFEC0B700FE68CE /* lab7Tests.xctest */,
				4A21353C2AFEC0B700FE68CE /* lab7UITests.xctest */,
			);
			name = Products;
			sourceTree = "<group>";
		};
		4A21351E2AFEC0B500FE68CE /* lab7 */ = {
			isa = PBXGroup;
			children = (
				4A21351F2AFEC0B500FE68CE /* AppDelegate.swift */,
				4A2135212AFEC0B500FE68CE /* SceneDelegate.swift */,
				4A2135232AFEC0B500FE68CE /* ViewController.swift */,
				4A2135252AFEC0B500FE68CE /* Main.storyboard */,
				4A2135282AFEC0B700FE68CE /* Assets.xcassets */,
				4A21352A2AFEC0B700FE68CE /* LaunchScreen.storyboard */,
				4A21352D2AFEC0B700FE68CE /* Info.plist */,
			);
			path = lab7;
			sourceTree = "<group>";
		};
		4A2135352AFEC0B700FE68CE /* lab7Tests */ = {
			isa = PBXGroup;
			children = (
				4A2135362AFEC0B700FE68CE /* lab7Tests.swift */,
			);
			path = lab7Tests;
			sourceTree = "<group>";
		};
		4A21353F2AFEC0B700FE68CE /* lab7UITests */ = {
			isa = PBXGroup;
			children = (
				4A2135402AFEC0B700FE68CE /* lab7UITests.swift */,
				4A2135422AFEC0B700FE68CE /* lab7UITestsLaunchTests.swift */,
			);
			path = lab7UITests;
			sourceTree = "<group>";
		};
/* End PBXGroup section */

/* Begin PBXNativeTarget section */
		4A21351B2AFEC0B500FE68CE /* lab7 */ = {
			isa = PBXNativeTarget;
			buildConfigurationList = 4A2135462AFEC0B700FE68CE /* Build configuration list for PBXNativeTarget "lab7" */;
			buildPhases = (
				4A2135182AFEC0B500FE68CE /* Sources */,
				4A2135192AFEC0B500FE68CE /* Frameworks */,
				4A21351A2AFEC0B500FE68CE /* Resources */,
			);
			buildRules = (
			);
			dependencies = (
			);
			name = lab7;
			productName = lab7;
			productReference = 4A21351C2AFEC0B500FE68CE /* lab7.app */;
			productType = "com.apple.product-type.application";
		};
		4A2135312AFEC0B700FE68CE /* lab7Tests */ = {
			isa = PBXNativeTarget;
			buildConfigurationList = 4A2135492AFEC0B700FE68CE /* Build configuration list for PBXNativeTarget "lab7Tests" */;
			buildPhases = (
				4A21352E2AFEC0B700FE68CE /* Sources */,
				4A21352F2AFEC0B700FE68CE /* Frameworks */,
				4A2135302AFEC0B700FE68CE /* Resources */,
			);
			buildRules = (
			);
			dependencies = (
				4A2135342AFEC0B700FE68CE /* PBXTargetDependency */,
			);
			name = lab7Tests;
			productName = lab7Tests;
			productReference = 4A2135322AFEC0B700FE68CE /* lab7Tests.xctest */;
			productType = "com.apple.product-type.bundle.unit-test";
		};
		4A21353B2AFEC0B700FE68CE /* lab7UITests */ = {
			isa = PBXNativeTarget;
			buildConfigurationList = 4A21354C2AFEC0B700FE68CE /* Build configuration list for PBXNativeTarget "lab7UITests" */;
			buildPhases = (
				4A2135382AFEC0B700FE68CE /* Sources */,
				4A2135392AFEC0B700FE68CE /* Frameworks */,
				4A21353A2AFEC0B700FE68CE /* Resources */,
			);
			buildRules = (
			);
			dependencies = (
				4A21353E2AFEC0B700FE68CE /* PBXTargetDependency */,
			);
			name = lab7UITests;
			productName = lab7UITests;
			productReference = 4A21353C2AFEC0B700FE68CE /* lab7UITests.xctest */;
			productType = "com.apple.product-type.bundle.ui-testing";
		};
/* End PBXNativeTarget section */

/* Begin PBXProject section */
		4A2135142AFEC0B500FE68CE /* Project object */ = {
			isa = PBXProject;
			attributes = {
				BuildIndependentTargetsInParallel = 1;
				LastSwiftUpdateCheck = 1500;
				LastUpgradeCheck = 1500;
				TargetAttributes = {
					4A21351B2AFEC0B500FE68CE = {
						CreatedOnToolsVersion = 15.0.1;
					};
					4A2135312AFEC0B700FE68CE = {
						CreatedOnToolsVersion = 15.0.1;
						TestTargetID = 4A21351B2AFEC0B500FE68CE;
					};
					4A21353B2AFEC0B700FE68CE = {
						CreatedOnToolsVersion = 15.0.1;
						TestTargetID = 4A21351B2AFEC0B500FE68CE;
					};
				};
			};
			buildConfigurationList = 4A2135172AFEC0B500FE68CE /* Build configuration list for PBXProject "lab7" */;
			compatibilityVersion = "Xcode 14.0";
			developmentRegion = en;
			hasScannedForEncodings = 0;
			knownRegions = (
				en,
				Base,
			);
			mainGroup = 4A2135132AFEC0B500FE68CE;
			productRefGroup = 4A21351D2AFEC0B500FE68CE /* Products */;
			projectDirPath = "";
			projectRoot = "";
			targets = (
				4A21351B2AFEC0B500FE68CE /* lab7 */,
				4A2135312AFEC0B700FE68CE /* lab7Tests */,
				4A21353B2AFEC0B700FE68CE /* lab7UITests */,
			);
		};
/* End PBXProject section */

/* Begin PBXResourcesBuildPhase section */
		4A21351A2AFEC0B500FE68CE /* Resources */ = {
			isa = PBXResourcesBuildPhase;
			buildActionMask = 2147483647;
			files = (
				4A21352C2AFEC0B700FE68CE /* LaunchScreen.storyboard in Resources */,
				4A2135292AFEC0B700FE68CE /* Assets.xcassets in Resources */,
				4A2135272AFEC0B500FE68CE /* Main.storyboard in Resources */,
			);
			runOnlyForDeploymentPostprocessing = 0;
		};
		4A2135302AFEC0B700FE68CE /* Resources */ = {
			isa = PBXResourcesBuildPhase;
			buildActionMask = 2147483647;
			files = (
			);
			runOnlyForDeploymentPostprocessing = 0;
		};
		4A21353A2AFEC0B700FE68CE /* Resources */ = {
			isa = PBXResourcesBuildPhase;
			buildActionMask = 2147483647;
			files = (
			);
			runOnlyForDeploymentPostprocessing = 0;
		};
/* End PBXResourcesBuildPhase section */

/* Begin PBXSourcesBuildPhase section */
		4A2135182AFEC0B500FE68CE /* Sources */ = {
			isa = PBXSourcesBuildPhase;
			buildActionMask = 2147483647;
			files = (
				4A2135242AFEC0B500FE68CE /* ViewController.swift in Sources */,
				4A2135202AFEC0B500FE68CE /* AppDelegate.swift in Sources */,
				4A2135222AFEC0B500FE68CE /* SceneDelegate.swift in Sources */,
			);
			runOnlyForDeploymentPostprocessing = 0;
		};
		4A21352E2AFEC0B700FE68CE /* Sources */ = {
			isa = PBXSourcesBuildPhase;
			buildActionMask = 2147483647;
			files = (
				4A2135372AFEC0B700FE68CE /* lab7Tests.swift in Sources */,
			);
			runOnlyForDeploymentPostprocessing = 0;
		};
		4A2135382AFEC0B700FE68CE /* Sources */ = {
			isa = PBXSourcesBuildPhase;
			buildActionMask = 2147483647;
			files = (
				4A2135432AFEC0B700FE68CE /* lab7UITestsLaunchTests.swift in Sources */,
				4A2135412AFEC0B700FE68CE /* lab7UITests.swift in Sources */,
			);
			runOnlyForDeploymentPostprocessing = 0;
		};
/* End PBXSourcesBuildPhase section */

/* Begin PBXTargetDependency section */
		4A2135342AFEC0B700FE68CE /* PBXTargetDependency */ = {
			isa = PBXTargetDependency;
			target = 4A21351B2AFEC0B500FE68CE /* lab7 */;
			targetProxy = 4A2135332AFEC0B700FE68CE /* PBXContainerItemProxy */;
		};
		4A21353E2AFEC0B700FE68CE /* PBXTargetDependency */ = {
			isa = PBXTargetDependency;
			target = 4A21351B2AFEC0B500FE68CE /* lab7 */;
			targetProxy = 4A21353D2AFEC0B700FE68CE /* PBXContainerItemProxy */;
		};
/* End PBXTargetDependency section */

/* Begin PBXVariantGroup section */
		4A2135252AFEC0B500FE68CE /* Main.storyboard */ = {
			isa = PBXVariantGroup;
			children = (
				4A2135262AFEC0B500FE68CE /* Base */,
			);
			name = Main.storyboard;
			sourceTree = "<group>";
		};
		4A21352A2AFEC0B700FE68CE /* LaunchScreen.storyboard */ = {
			isa = PBXVariantGroup;
			children = (
				4A21352B2AFEC0B700FE68CE /* Base */,
			);
			name = LaunchScreen.storyboard;
			sourceTree = "<group>";
		};
/* End PBXVariantGroup section */

/* Begin XCBuildConfiguration section */
		4A2135442AFEC0B700FE68CE /* Debug */ = {
			isa = XCBuildConfiguration;
			buildSettings = {
				ALWAYS_SEARCH_USER_PATHS = NO;
				ASSETCATALOG_COMPILER_GENERATE_SWIFT_ASSET_SYMBOL_EXTENSIONS = YES;
				CLANG_ANALYZER_NONNULL = YES;
				CLANG_ANALYZER_NUMBER_OBJECT_CONVERSION = YES_AGGRESSIVE;
				CLANG_CXX_LANGUAGE_STANDARD = "gnu++20";
				CLANG_ENABLE_MODULES = YES;
				CLANG_ENABLE_OBJC_ARC = YES;
				CLANG_ENABLE_OBJC_WEAK = YES;
				CLANG_WARN_BLOCK_CAPTURE_AUTORELEASING = YES;
				CLANG_WARN_BOOL_CONVERSION = YES;
				CLANG_WARN_COMMA = YES;
				CLANG_WARN_CONSTANT_CONVERSION = YES;
				CLANG_WARN_DEPRECATED_OBJC_IMPLEMENTATIONS = YES;
				CLANG_WARN_DIRECT_OBJC_ISA_USAGE = YES_ERROR;
				CLANG_WARN_DOCUMENTATION_COMMENTS = YES;
				CLANG_WARN_EMPTY_BODY = YES;
				CLANG_WARN_ENUM_CONVERSION = YES;
				CLANG_WARN_INFINITE_RECURSION = YES;
				CLANG_WARN_INT_CONVERSION = YES;
				CLANG_WARN_NON_LITERAL_NULL_CONVERSION = YES;
				CLANG_WARN_OBJC_IMPLICIT_RETAIN_SELF = YES;
				CLANG_WARN_OBJC_LITERAL_CONVERSION = YES;
				CLANG_WARN_OBJC_ROOT_CLASS = YES_ERROR;
				CLANG_WARN_QUOTED_INCLUDE_IN_FRAMEWORK_HEADER = YES;
				CLANG_WARN_RANGE_LOOP_ANALYSIS = YES;
				CLANG_WARN_STRICT_PROTOTYPES = YES;
				CLANG_WARN_SUSPICIOUS_MOVE = YES;
				CLANG_WARN_UNGUARDED_AVAILABILITY = YES_AGGRESSIVE;
				CLANG_WARN_UNREACHABLE_CODE = YES;
				CLANG_WARN__DUPLICATE_METHOD_MATCH = YES;
				COPY_PHASE_STRIP = NO;
				DEBUG_INFORMATION_FORMAT = dwarf;
				ENABLE_STRICT_OBJC_MSGSEND = YES;
				ENABLE_TESTABILITY = YES;
				ENABLE_USER_SCRIPT_SANDBOXING = YES;
				GCC_C_LANGUAGE_STANDARD = gnu17;
				GCC_DYNAMIC_NO_PIC = NO;
				GCC_NO_COMMON_BLOCKS = YES;
				GCC_OPTIMIZATION_LEVEL = 0;
				GCC_PREPROCESSOR_DEFINITIONS = (
					"DEBUG=1",
					"$(inherited)",
				);
				GCC_WARN_64_TO_32_BIT_CONVERSION = YES;
				GCC_WARN_ABOUT_RETURN_TYPE = YES_ERROR;
				GCC_WARN_UNDECLARED_SELECTOR = YES;
				GCC_WARN_UNINITIALIZED_AUTOS = YES_AGGRESSIVE;
				GCC_WARN_UNUSED_FUNCTION = YES;
				GCC_WARN_UNUSED_VARIABLE = YES;
				IPHONEOS_DEPLOYMENT_TARGET = 17.0;
				LOCALIZATION_PREFERS_STRING_CATALOGS = YES;
				MTL_ENABLE_DEBUG_INFO = INCLUDE_SOURCE;
				MTL_FAST_MATH = YES;
				ONLY_ACTIVE_ARCH = YES;
				SDKROOT = iphoneos;
				SWIFT_ACTIVE_COMPILATION_CONDITIONS = "DEBUG $(inherited)";
				SWIFT_OPTIMIZATION_LEVEL = "-Onone";
			};
			name = Debug;
		};
		4A2135452AFEC0B700FE68CE /* Release */ = {
			isa = XCBuildConfiguration;
			buildSettings = {
				ALWAYS_SEARCH_USER_PATHS = NO;
				ASSETCATALOG_COMPILER_GENERATE_SWIFT_ASSET_SYMBOL_EXTENSIONS = YES;
				CLANG_ANALYZER_NONNULL = YES;
				CLANG_ANALYZER_NUMBER_OBJECT_CONVERSION = YES_AGGRESSIVE;
				CLANG_CXX_LANGUAGE_STANDARD = "gnu++20";
				CLANG_ENABLE_MODULES = YES;
				CLANG_ENABLE_OBJC_ARC = YES;
				CLANG_ENABLE_OBJC_WEAK = YES;
				CLANG_WARN_BLOCK_CAPTURE_AUTORELEASING = YES;
				CLANG_WARN_BOOL_CONVERSION = YES;
				CLANG_WARN_COMMA = YES;
				CLANG_WARN_CONSTANT_CONVERSION = YES;
				CLANG_WARN_DEPRECATED_OBJC_IMPLEMENTATIONS = YES;
				CLANG_WARN_DIRECT_OBJC_ISA_USAGE = YES_ERROR;
				CLANG_WARN_DOCUMENTATION_COMMENTS = YES;
				CLANG_WARN_EMPTY_BODY = YES;
				CLANG_WARN_ENUM_CONVERSION = YES;
				CLANG_WARN_INFINITE_RECURSION = YES;
				CLANG_WARN_INT_CONVERSION = YES;
				CLANG_WARN_NON_LITERAL_NULL_CONVERSION = YES;
				CLANG_WARN_OBJC_IMPLICIT_RETAIN_SELF = YES;
				CLANG_WARN_OBJC_LITERAL_CONVERSION = YES;
				CLANG_WARN_OBJC_ROOT_CLASS = YES_ERROR;
				CLANG_WARN_QUOTED_INCLUDE_IN_FRAMEWORK_HEADER = YES;
				CLANG_WARN_RANGE_LOOP_ANALYSIS = YES;
				CLANG_WARN_STRICT_PROTOTYPES = YES;
				CLANG_WARN_SUSPICIOUS_MOVE = YES;
				CLANG_WARN_UNGUARDED_AVAILABILITY = YES_AGGRESSIVE;
				CLANG_WARN_UNREACHABLE_CODE = YES;
				CLANG_WARN__DUPLICATE_METHOD_MATCH = YES;
				COPY_PHASE_STRIP = NO;
				DEBUG_INFORMATION_FORMAT = "dwarf-with-dsym";
				ENABLE_NS_ASSERTIONS = NO;
				ENABLE_STRICT_OBJC_MSGSEND = YES;
				ENABLE_USER_SCRIPT_SANDBOXING = YES;
				GCC_C_LANGUAGE_STANDARD = gnu17;
				GCC_NO_COMMON_BLOCKS = YES;
				GCC_WARN_64_TO_32_BIT_CONVERSION = YES;
				GCC_WARN_ABOUT_RETURN_TYPE = YES_ERROR;
				GCC_WARN_UNDECLARED_SELECTOR = YES;
				GCC_WARN_UNINITIALIZED_AUTOS = YES_AGGRESSIVE;
				GCC_WARN_UNUSED_FUNCTION = YES;
				GCC_WARN_UNUSED_VARIABLE = YES;
				IPHONEOS_DEPLOYMENT_TARGET = 17.0;
				LOCALIZATION_PREFERS_STRING_CATALOGS = YES;
				MTL_ENABLE_DEBUG_INFO = NO;
				MTL_FAST_MATH = YES;
				SDKROOT = iphoneos;
				SWIFT_COMPILATION_MODE = wholemodule;
				VALIDATE_PRODUCT = YES;
			};
			name = Release;
		};
		4A2135472AFEC0B700FE68CE /* Debug */ = {
			isa = XCBuildConfiguration;
			buildSettings = {
				ASSETCATALOG_COMPILER_APPICON_NAME = AppIcon;
				ASSETCATALOG_COMPILER_GLOBAL_ACCENT_COLOR_NAME = AccentColor;
				CODE_SIGN_STYLE = Automatic;
				CURRENT_PROJECT_VERSION = 1;
				GENERATE_INFOPLIST_FILE = YES;
				INFOPLIST_FILE = lab7/Info.plist;
				INFOPLIST_KEY_UIApplicationSupportsIndirectInputEvents = YES;
				INFOPLIST_KEY_UILaunchStoryboardName = LaunchScreen;
				INFOPLIST_KEY_UIMainStoryboardFile = Main;
				INFOPLIST_KEY_UISupportedInterfaceOrientations_iPad = "UIInterfaceOrientationPortrait UIInterfaceOrientationPortraitUpsideDown UIInterfaceOrientationLandscapeLeft UIInterfaceOrientationLandscapeRight";
				INFOPLIST_KEY_UISupportedInterfaceOrientations_iPhone = "UIInterfaceOrientationPortrait UIInterfaceOrientationLandscapeLeft UIInterfaceOrientationLandscapeRight";
				LD_RUNPATH_SEARCH_PATHS = (
					"$(inherited)",
					"@executable_path/Frameworks",
				);
				MARKETING_VERSION = 1.0;
				PRODUCT_BUNDLE_IDENTIFIER = com.conestoga.Assignment.lab7;
				PRODUCT_NAME = "$(TARGET_NAME)";
				SWIFT_EMIT_LOC_STRINGS = YES;
				SWIFT_VERSION = 5.0;
				TARGETED_DEVICE_FAMILY = "1,2";
			};
			name = Debug;
		};
		4A2135482AFEC0B700FE68CE /* Release */ = {
			isa = XCBuildConfiguration;
			buildSettings = {
				ASSETCATALOG_COMPILER_APPICON_NAME = AppIcon;
				ASSETCATALOG_COMPILER_GLOBAL_ACCENT_COLOR_NAME = AccentColor;
				CODE_SIGN_STYLE = Automatic;
				CURRENT_PROJECT_VERSION = 1;
				GENERATE_INFOPLIST_FILE = YES;
				INFOPLIST_FILE = lab7/Info.plist;
				INFOPLIST_KEY_UIApplicationSupportsIndirectInputEvents = YES;
				INFOPLIST_KEY_UILaunchStoryboardName = LaunchScreen;
				INFOPLIST_KEY_UIMainStoryboardFile = Main;
				INFOPLIST_KEY_UISupportedInterfaceOrientations_iPad = "UIInterfaceOrientationPortrait UIInterfaceOrientationPortraitUpsideDown UIInterfaceOrientationLandscapeLeft UIInterfaceOrientationLandscapeRight";
				INFOPLIST_KEY_UISupportedInterfaceOrientations_iPhone = "UIInterfaceOrientationPortrait UIInterfaceOrientationLandscapeLeft UIInterfaceOrientationLandscapeRight";
				LD_RUNPATH_SEARCH_PATHS = (
					"$(inherited)",
					"@executable_path/Frameworks",
				);
				MARKETING_VERSION = 1.0;
				PRODUCT_BUNDLE_IDENTIFIER = com.conestoga.Assignment.lab7;
				PRODUCT_NAME = "$(TARGET_NAME)";
				SWIFT_EMIT_LOC_STRINGS = YES;
				SWIFT_VERSION = 5.0;
				TARGETED_DEVICE_FAMILY = "1,2";
			};
			name = Release;
		};
		4A21354A2AFEC0B700FE68CE /* Debug */ = {
			isa = XCBuildConfiguration;
			buildSettings = {
				ALWAYS_EMBED_SWIFT_STANDARD_LIBRARIES = YES;
				BUNDLE_LOADER = "$(TEST_HOST)";
				CODE_SIGN_STYLE = Automatic;
				CURRENT_PROJECT_VERSION = 1;
				GENERATE_INFOPLIST_FILE = YES;
				IPHONEOS_DEPLOYMENT_TARGET = 17.0;
				MARKETING_VERSION = 1.0;
				PRODUCT_BUNDLE_IDENTIFIER = com.conestoga.Assignment.lab7Tests;
				PRODUCT_NAME = "$(TARGET_NAME)";
				SWIFT_EMIT_LOC_STRINGS = NO;
				SWIFT_VERSION = 5.0;
				TARGETED_DEVICE_FAMILY = "1,2";
				TEST_HOST = "$(BUILT_PRODUCTS_DIR)/lab7.app/$(BUNDLE_EXECUTABLE_FOLDER_PATH)/lab7";
			};
			name = Debug;
		};
		4A21354B2AFEC0B700FE68CE /* Release */ = {
			isa = XCBuildConfiguration;
			buildSettings = {
				ALWAYS_EMBED_SWIFT_STANDARD_LIBRARIES = YES;
				BUNDLE_LOADER = "$(TEST_HOST)";
				CODE_SIGN_STYLE = Automatic;
				CURRENT_PROJECT_VERSION = 1;
				GENERATE_INFOPLIST_FILE = YES;
				IPHONEOS_DEPLOYMENT_TARGET = 17.0;
				MARKETING_VERSION = 1.0;
				PRODUCT_BUNDLE_IDENTIFIER = com.conestoga.Assignment.lab7Tests;
				PRODUCT_NAME = "$(TARGET_NAME)";
				SWIFT_EMIT_LOC_STRINGS = NO;
				SWIFT_VERSION = 5.0;
				TARGETED_DEVICE_FAMILY = "1,2";
				TEST_HOST = "$(BUILT_PRODUCTS_DIR)/lab7.app/$(BUNDLE_EXECUTABLE_FOLDER_PATH)/lab7";
			};
			name = Release;
		};
		4A21354D2AFEC0B700FE68CE /* Debug */ = {
			isa = XCBuildConfiguration;
			buildSettings = {
				ALWAYS_EMBED_SWIFT_STANDARD_LIBRARIES = YES;
				CODE_SIGN_STYLE = Automatic;
				CURRENT_PROJECT_VERSION = 1;
				GENERATE_INFOPLIST_FILE = YES;
				MARKETING_VERSION = 1.0;
				PRODUCT_BUNDLE_IDENTIFIER = com.conestoga.Assignment.lab7UITests;
				PRODUCT_NAME = "$(TARGET_NAME)";
				SWIFT_EMIT_LOC_STRINGS = NO;
				SWIFT_VERSION = 5.0;
				TARGETED_DEVICE_FAMILY = "1,2";
				TEST_TARGET_NAME = lab7;
			};
			name = Debug;
		};
		4A21354E2AFEC0B700FE68CE /* Release */ = {
			isa = XCBuildConfiguration;
			buildSettings = {
				ALWAYS_EMBED_SWIFT_STANDARD_LIBRARIES = YES;
				CODE_SIGN_STYLE = Automatic;
				CURRENT_PROJECT_VERSION = 1;
				GENERATE_INFOPLIST_FILE = YES;
				MARKETING_VERSION = 1.0;
				PRODUCT_BUNDLE_IDENTIFIER = com.conestoga.Assignment.lab7UITests;
				PRODUCT_NAME = "$(TARGET_NAME)";
				SWIFT_EMIT_LOC_STRINGS = NO;
				SWIFT_VERSION = 5.0;
				TARGETED_DEVICE_FAMILY = "1,2";
				TEST_TARGET_NAME = lab7;
			};
			name = Release;
		};
/* End XCBuildConfiguration section */

/* Begin XCConfigurationList section */
		4A2135172AFEC0B500FE68CE /* Build configuration list for PBXProject "lab7" */ = {
			isa = XCConfigurationList;
			buildConfigurations = (
				4A2135442AFEC0B700FE68CE /* Debug */,
				4A2135452AFEC0B700FE68CE /* Release */,
			);
			defaultConfigurationIsVisible = 0;
			defaultConfigurationName = Release;
		};
		4A2135462AFEC0B700FE68CE /* Build configuration list for PBXNativeTarget "lab7" */ = {
			isa = XCConfigurationList;
			buildConfigurations = (
				4A2135472AFEC0B700FE68CE /* Debug */,
				4A2135482AFEC0B700FE68CE /* Release */,
			);
			defaultConfigurationIsVisible = 0;
			defaultConfigurationName = Release;
		};
		4A2135492AFEC0B700FE68CE /* Build configuration list for PBXNativeTarget "lab7Tests" */ = {
			isa = XCConfigurationList;
			buildConfigurations = (
				4A21354A2AFEC0B700FE68CE /* Debug */,
				4A21354B2AFEC0B700FE68CE /* Release */,
			);
			defaultConfigurationIsVisible = 0;
			defaultConfigurationName = Release;
		};
		4A21354C2AFEC0B700FE68CE /* Build configuration list for PBXNativeTarget "lab7UITests" */ = {
			isa = XCConfigurationList;
			buildConfigurations = (
				4A21354D2AFEC0B700FE68CE /* Debug */,
				4A21354E2AFEC0B700FE68CE /* Release */,
			);
			defaultConfigurationIsVisible = 0;
			defaultConfigurationName = Release;
		};
/* End XCConfigurationList section */
	};
	rootObject = 4A2135142AFEC0B500FE68CE /* Project object */;
}
